
Microsoft Visual Studio Solution File, Format Version 12.00
# Visual Studio Version 16
VisualStudioVersion = 16.0.31019.35
MinimumVisualStudioVersion = 10.0.40219.1
Project("{FAE04EC0-301F-11D3-BF4B-00C04F79EFBC}") = "DispatchProxyExample", "DispatchProxyExample\DispatchProxyExample.csproj", "{27A11BF7-4463-4197-B387-7E6B54E79BC7}"
EndProject
Global
	GlobalSection(SolutionConfigurationPlatforms) = preSolution
		Debug|Any CPU = Debug|Any CPU
		Release|Any CPU = Release|Any CPU
	EndGlobalSection
	GlobalSection(ProjectConfigurationPlatforms) = postSolution
		{27A11BF7-4463-4197-B387-7E6B54E79BC7}.Debug|Any CPU.ActiveCfg = Debug|Any CPU
		{27A11BF7-4463-4197-B387-7E6B54E79BC7}.Debug|Any CPU.Build.0 = Debug|Any CPU
		{27A11BF7-4463-4197-B387-7E6B54E79BC7}.Release|Any CPU.ActiveCfg = Release|Any CPU
		{27A11BF7-4463-4197-B387-7E6B54E79BC7}.Release|Any CPU.Build.0 = Release|Any CPU
	EndGlobalSection
	GlobalSection(SolutionProperties) = preSolution
		HideSolutionNode = FALSE
	EndGlobalSection
	GlobalSection(ExtensibilityGlobals) = postSolution
		SolutionGuid = {C4E948EB-3561-4AE3-AF17-7AB6D491D094}
	EndGlobalSection
EndGlobal
